
Microsoft Visual Studio Solution File, Format Version 12.00
# Visual Studio Version 16
VisualStudioVersion = 16.0.29905.134
MinimumVisualStudioVersion = 10.0.40219.1
Project("{FAE04EC0-301F-11D3-BF4B-00C04F79EFBC}") = "Task10", "Task10\Task10.csproj", "{773A6C6C-7649-47A9-9B9C-D21516A701BD}"
EndProject
Global
	GlobalSection(SolutionConfigurationPlatforms) = preSolution
		Debug|Any CPU = Debug|Any CPU
		Release|Any CPU = Release|Any CPU
	EndGlobalSection
	GlobalSection(ProjectConfigurationPlatforms) = postSolution
		{773A6C6C-7649-47A9-9B9C-D21516A701BD}.Debug|Any CPU.ActiveCfg = Debug|Any CPU
		{773A6C6C-7649-47A9-9B9C-D21516A701BD}.Debug|Any CPU.Build.0 = Debug|Any CPU
		{773A6C6C-7649-47A9-9B9C-D21516A701BD}.Release|Any CPU.ActiveCfg = Release|Any CPU
		{773A6C6C-7649-47A9-9B9C-D21516A701BD}.Release|Any CPU.Build.0 = Release|Any CPU
	EndGlobalSection
	GlobalSection(SolutionProperties) = preSolution
		HideSolutionNode = FALSE
	EndGlobalSection
	GlobalSection(ExtensibilityGlobals) = postSolution
		SolutionGuid = {67967723-9EC4-4D8D-9693-6454BAC0CD35}
	EndGlobalSection
EndGlobal
